github.com/hhuDelta/hugo-blox-builder/modules/blox-bootstrap/v5 v5.9.9-0.20240925084537-0d9c866e18a9 h1:RDiwigwEDBjXan9FSzD1G00py3a81CW1UH47ZSjXwlo=
github.com/hhuDelta/hugo-blox-builder/modules/blox-bootstrap/v5 v5.9.9-0.20240925084537-0d9c866e18a9/go.mod h1:3SiCa7pi+t+Ks4DPdsZEe1ifaiRw1ZmEwBD5iabqhXA=
github.com/hhuDelta/hugo-blox-builder/modules/blox-core v1.2.3/go.mod h1:F8KAyEKS5WwR8CcSwsoR8oSS5k7cKPb5z0fbiiVegB4=
github.com/hhuDelta/hugo-blox-builder/modules/blox-plugin-decap-cms v1.2.4-0.20240925084537-0d9c866e18a9 h1:S/bCWtN1QPRV8VfZrTBM8T0fINjcTwH2GZxqn6EXUoI=
github.com/hhuDelta/hugo-blox-builder/modules/blox-plugin-decap-cms v1.2.4-0.20240925084537-0d9c866e18a9/go.mod h1:Cy5uOhZVsXxWu6Ei4Ce1LPZLI+sKARuv+MprrzfFG24=
github.com/hhuDelta/hugo-blox-builder/modules/blox-plugin-netlify v1.2.4-0.20240925084537-0d9c866e18a9 h1:rh6jyj3WPyq/qbhyC4QB2AF+BzqlHGLGZzb8lFTJ03E=
github.com/hhuDelta/hugo-blox-builder/modules/blox-plugin-netlify v1.2.4-0.20240925084537-0d9c866e18a9/go.mod h1:zdQfKXXt9TIQlciDXY8tt/ql5PUeIqKYHgaP4jTQCEY=
github.com/hhuDelta/hugo-blox-builder/modules/blox-seo v1.2.3/go.mod h1:7pJZlCq24bNPoVmj2WYlTQ1QpGM3ZULj1RgWCggOPVc=
